
Microsoft Visual Studio Solution File, Format Version 12.00
# Visual Studio Version 16
VisualStudioVersion = 16.0.29911.84
MinimumVisualStudioVersion = 10.0.40219.1
Project("{FAE04EC0-301F-11D3-BF4B-00C04F79EFBC}") = "KMZ", "KMZ\KMZ.csproj", "{2581AB1B-8EE2-41EB-88EE-FE44AD5BB1C6}"
EndProject
Global
	GlobalSection(SolutionConfigurationPlatforms) = preSolution
		Debug|Any CPU = Debug|Any CPU
		Release|Any CPU = Release|Any CPU
	EndGlobalSection
	GlobalSection(ProjectConfigurationPlatforms) = postSolution
		{2581AB1B-8EE2-41EB-88EE-FE44AD5BB1C6}.Debug|Any CPU.ActiveCfg = Debug|Any CPU
		{2581AB1B-8EE2-41EB-88EE-FE44AD5BB1C6}.Debug|Any CPU.Build.0 = Debug|Any CPU
		{2581AB1B-8EE2-41EB-88EE-FE44AD5BB1C6}.Release|Any CPU.ActiveCfg = Release|Any CPU
		{2581AB1B-8EE2-41EB-88EE-FE44AD5BB1C6}.Release|Any CPU.Build.0 = Release|Any CPU
	EndGlobalSection
	GlobalSection(SolutionProperties) = preSolution
		HideSolutionNode = FALSE
	EndGlobalSection
	GlobalSection(ExtensibilityGlobals) = postSolution
		SolutionGuid = {672E00F3-46AC-4248-8B65-01B3675A2E4C}
	EndGlobalSection
EndGlobal
